// !$*UTF8*$!
{
	archiveVersion = 1;
	classes = {
	};
	objectVersion = 56;
	objects = {

/* Begin PBXBuildFile section */
		63A38D90293E473D00E44AD1 /* TestApp.swift in Sources */ = {isa = PBXBuildFile; fileRef = 63A38D8F293E473D00E44AD1 /* TestApp.swift */; };
		63A38D92293E473D00E44AD1 /* CarListView.swift in Sources */ = {isa = PBXBuildFile; fileRef = 63A38D91293E473D00E44AD1 /* CarListView.swift */; };
		63A38D94293E473D00E44AD1 /* Assets.xcassets in Resources */ = {isa = PBXBuildFile; fileRef = 63A38D93293E473D00E44AD1 /* Assets.xcassets */; };
		63A38D97293E473D00E44AD1 /* Preview Assets.xcassets in Resources */ = {isa = PBXBuildFile; fileRef = 63A38D96293E473D00E44AD1 /* Preview Assets.xcassets */; };
		63A38DA1293E473D00E44AD1 /* TestTests.swift in Sources */ = {isa = PBXBuildFile; fileRef = 63A38DA0293E473D00E44AD1 /* TestTests.swift */; };
		63A38DAB293E473D00E44AD1 /* TestUITests.swift in Sources */ = {isa = PBXBuildFile; fileRef = 63A38DAA293E473D00E44AD1 /* TestUITests.swift */; };
		63A38DAD293E473D00E44AD1 /* TestUITestsLaunchTests.swift in Sources */ = {isa = PBXBuildFile; fileRef = 63A38DAC293E473D00E44AD1 /* TestUITestsLaunchTests.swift */; };
		63A38DBC293E499900E44AD1 /* CarRow.swift in Sources */ = {isa = PBXBuildFile; fileRef = 63A38DBB293E499900E44AD1 /* CarRow.swift */; };
		63A38DBE293E49AE00E44AD1 /* CarRowViewModel.swift in Sources */ = {isa = PBXBuildFile; fileRef = 63A38DBD293E49AE00E44AD1 /* CarRowViewModel.swift */; };
		63A38DC1293E4C2700E44AD1 /* Image+Extension.swift in Sources */ = {isa = PBXBuildFile; fileRef = 63A38DC0293E4C2700E44AD1 /* Image+Extension.swift */; };
		63A38DC3293E4FC800E44AD1 /* Color+Extension.swift in Sources */ = {isa = PBXBuildFile; fileRef = 63A38DC2293E4FC800E44AD1 /* Color+Extension.swift */; };
		63A38DC5293E4FD800E44AD1 /* Sizing.swift in Sources */ = {isa = PBXBuildFile; fileRef = 63A38DC4293E4FD800E44AD1 /* Sizing.swift */; };
		63A38DC7293E50A100E44AD1 /* CarImages.xcassets in Resources */ = {isa = PBXBuildFile; fileRef = 63A38DC6293E50A100E44AD1 /* CarImages.xcassets */; };
		63A38DC9293E50AC00E44AD1 /* Colors.xcassets in Resources */ = {isa = PBXBuildFile; fileRef = 63A38DC8293E50AC00E44AD1 /* Colors.xcassets */; };
/* End PBXBuildFile section */

/* Begin PBXContainerItemProxy section */
		63A38D9D293E473D00E44AD1 /* PBXContainerItemProxy */ = {
			isa = PBXContainerItemProxy;
			containerPortal = 63A38D84293E473D00E44AD1 /* Project object */;
			proxyType = 1;
			remoteGlobalIDString = 63A38D8B293E473D00E44AD1;
			remoteInfo = Test;
		};
		63A38DA7293E473D00E44AD1 /* PBXContainerItemProxy */ = {
			isa = PBXContainerItemProxy;
			containerPortal = 63A38D84293E473D00E44AD1 /* Project object */;
			proxyType = 1;
			remoteGlobalIDString = 63A38D8B293E473D00E44AD1;
			remoteInfo = Test;
		};
/* End PBXContainerItemProxy section */

/* Begin PBXFileReference section */
		63A38D8C293E473D00E44AD1 /* Test.app */ = {isa = PBXFileReference; explicitFileType = wrapper.application; includeInIndex = 0; path = Test.app; sourceTree = BUILT_PRODUCTS_DIR; };
		63A38D8F293E473D00E44AD1 /* TestApp.swift */ = {isa = PBXFileReference; lastKnownFileType = sourcecode.swift; path = TestApp.swift; sourceTree = "<group>"; };
		63A38D91293E473D00E44AD1 /* CarListView.swift */ = {isa = PBXFileReference; lastKnownFileType = sourcecode.swift; path = CarListView.swift; sourceTree = "<group>"; };
		63A38D93293E473D00E44AD1 /* Assets.xcassets */ = {isa = PBXFileReference; lastKnownFileType = folder.assetcatalog; path = Assets.xcassets; sourceTree = "<group>"; };
		63A38D96293E473D00E44AD1 /* Preview Assets.xcassets */ = {isa = PBXFileReference; lastKnownFileType = folder.assetcatalog; path = "Preview Assets.xcassets"; sourceTree = "<group>"; };
		63A38D9C293E473D00E44AD1 /* TestTests.xctest */ = {isa = PBXFileReference; explicitFileType = wrapper.cfbundle; includeInIndex = 0; path = TestTests.xctest; sourceTree = BUILT_PRODUCTS_DIR; };
		63A38DA0293E473D00E44AD1 /* TestTests.swift */ = {isa = PBXFileReference; lastKnownFileType = sourcecode.swift; path = TestTests.swift; sourceTree = "<group>"; };
		63A38DA6293E473D00E44AD1 /* TestUITests.xctest */ = {isa = PBXFileReference; explicitFileType = wrapper.cfbundle; includeInIndex = 0; path = TestUITests.xctest; sourceTree = BUILT_PRODUCTS_DIR; };
		63A38DAA293E473D00E44AD1 /* TestUITests.swift */ = {isa = PBXFileReference; lastKnownFileType = sourcecode.swift; path = TestUITests.swift; sourceTree = "<group>"; };
		63A38DAC293E473D00E44AD1 /* TestUITestsLaunchTests.swift */ = {isa = PBXFileReference; lastKnownFileType = sourcecode.swift; path = TestUITestsLaunchTests.swift; sourceTree = "<group>"; };
		63A38DBB293E499900E44AD1 /* CarRow.swift */ = {isa = PBXFileReference; lastKnownFileType = sourcecode.swift; path = CarRow.swift; sourceTree = "<group>"; };
		63A38DBD293E49AE00E44AD1 /* CarRowViewModel.swift */ = {isa = PBXFileReference; lastKnownFileType = sourcecode.swift; path = CarRowViewModel.swift; sourceTree = "<group>"; };
		63A38DC0293E4C2700E44AD1 /* Image+Extension.swift */ = {isa = PBXFileReference; lastKnownFileType = sourcecode.swift; path = "Image+Extension.swift"; sourceTree = "<group>"; };
		63A38DC2293E4FC800E44AD1 /* Color+Extension.swift */ = {isa = PBXFileReference; lastKnownFileType = sourcecode.swift; path = "Color+Extension.swift"; sourceTree = "<group>"; };
		63A38DC4293E4FD800E44AD1 /* Sizing.swift */ = {isa = PBXFileReference; lastKnownFileType = sourcecode.swift; path = Sizing.swift; sourceTree = "<group>"; };
		63A38DC6293E50A100E44AD1 /* CarImages.xcassets */ = {isa = PBXFileReference; lastKnownFileType = folder.assetcatalog; path = CarImages.xcassets; sourceTree = "<group>"; };
		63A38DC8293E50AC00E44AD1 /* Colors.xcassets */ = {isa = PBXFileReference; lastKnownFileType = folder.assetcatalog; path = Colors.xcassets; sourceTree = "<group>"; };
/* End PBXFileReference section */

/* Begin PBXFrameworksBuildPhase section */
		63A38D89293E473D00E44AD1 /* Frameworks */ = {
			isa = PBXFrameworksBuildPhase;
			buildActionMask = 2147483647;
			files = (
			);
			runOnlyForDeploymentPostprocessing = 0;
		};
		63A38D99293E473D00E44AD1 /* Frameworks */ = {
			isa = PBXFrameworksBuildPhase;
			buildActionMask = 2147483647;
			files = (
			);
			runOnlyForDeploymentPostprocessing = 0;
		};
		63A38DA3293E473D00E44AD1 /* Frameworks */ = {
			isa = PBXFrameworksBuildPhase;
			buildActionMask = 2147483647;
			files = (
			);
			runOnlyForDeploymentPostprocessing = 0;
		};
/* End PBXFrameworksBuildPhase section */

/* Begin PBXGroup section */
		63A38D83293E473D00E44AD1 = {
			isa = PBXGroup;
			children = (
				63A38D8F293E473D00E44AD1 /* TestApp.swift */,
				63A38DC0293E4C2700E44AD1 /* Image+Extension.swift */,
				63A38DC2293E4FC800E44AD1 /* Color+Extension.swift */,
				63A38DC4293E4FD800E44AD1 /* Sizing.swift */,
				63A38D8E293E473D00E44AD1 /* Test */,
				63A38D9F293E473D00E44AD1 /* TestTests */,
				63A38DA9293E473D00E44AD1 /* TestUITests */,
				63A38D8D293E473D00E44AD1 /* Products */,
			);
			sourceTree = "<group>";
		};
		63A38D8D293E473D00E44AD1 /* Products */ = {
			isa = PBXGroup;
			children = (
				63A38D8C293E473D00E44AD1 /* Test.app */,
				63A38D9C293E473D00E44AD1 /* TestTests.xctest */,
				63A38DA6293E473D00E44AD1 /* TestUITests.xctest */,
			);
			name = Products;
			sourceTree = "<group>";
		};
		63A38D8E293E473D00E44AD1 /* Test */ = {
			isa = PBXGroup;
			children = (
				63A38DB9293E497C00E44AD1 /* Views */,
				63A38DBA293E498300E44AD1 /* CarList */,
				63A38D93293E473D00E44AD1 /* Assets.xcassets */,
				63A38DC6293E50A100E44AD1 /* CarImages.xcassets */,
				63A38DC8293E50AC00E44AD1 /* Colors.xcassets */,
				63A38D95293E473D00E44AD1 /* Preview Content */,
			);
			path = Test;
			sourceTree = "<group>";
		};
		63A38D95293E473D00E44AD1 /* Preview Content */ = {
			isa = PBXGroup;
			children = (
				63A38D96293E473D00E44AD1 /* Preview Assets.xcassets */,
			);
			path = "Preview Content";
			sourceTree = "<group>";
		};
		63A38D9F293E473D00E44AD1 /* TestTests */ = {
			isa = PBXGroup;
			children = (
				63A38DA0293E473D00E44AD1 /* TestTests.swift */,
			);
			path = TestTests;
			sourceTree = "<group>";
		};
		63A38DA9293E473D00E44AD1 /* TestUITests */ = {
			isa = PBXGroup;
			children = (
				63A38DAA293E473D00E44AD1 /* TestUITests.swift */,
				63A38DAC293E473D00E44AD1 /* TestUITestsLaunchTests.swift */,
			);
			path = TestUITests;
			sourceTree = "<group>";
		};
		63A38DB9293E497C00E44AD1 /* Views */ = {
			isa = PBXGroup;
			children = (
				63A38DBB293E499900E44AD1 /* CarRow.swift */,
				63A38DBD293E49AE00E44AD1 /* CarRowViewModel.swift */,
			);
			path = Views;
			sourceTree = "<group>";
		};
		63A38DBA293E498300E44AD1 /* CarList */ = {
			isa = PBXGroup;
			children = (
				63A38D91293E473D00E44AD1 /* CarListView.swift */,
			);
			path = CarList;
			sourceTree = "<group>";
		};
/* End PBXGroup section */

/* Begin PBXNativeTarget section */
		63A38D8B293E473D00E44AD1 /* Test */ = {
			isa = PBXNativeTarget;
			buildConfigurationList = 63A38DB0293E473D00E44AD1 /* Build configuration list for PBXNativeTarget "Test" */;
			buildPhases = (
				63A38D88293E473D00E44AD1 /* Sources */,
				63A38D89293E473D00E44AD1 /* Frameworks */,
				63A38D8A293E473D00E44AD1 /* Resources */,
			);
			buildRules = (
			);
			dependencies = (
			);
			name = Test;
			productName = Test;
			productReference = 63A38D8C293E473D00E44AD1 /* Test.app */;
			productType = "com.apple.product-type.application";
		};
		63A38D9B293E473D00E44AD1 /* TestTests */ = {
			isa = PBXNativeTarget;
			buildConfigurationList = 63A38DB3293E473D00E44AD1 /* Build configuration list for PBXNativeTarget "TestTests" */;
			buildPhases = (
				63A38D98293E473D00E44AD1 /* Sources */,
				63A38D99293E473D00E44AD1 /* Frameworks */,
				63A38D9A293E473D00E44AD1 /* Resources */,
			);
			buildRules = (
			);
			dependencies = (
				63A38D9E293E473D00E44AD1 /* PBXTargetDependency */,
			);
			name = TestTests;
			productName = TestTests;
			productReference = 63A38D9C293E473D00E44AD1 /* TestTests.xctest */;
			productType = "com.apple.product-type.bundle.unit-test";
		};
		63A38DA5293E473D00E44AD1 /* TestUITests */ = {
			isa = PBXNativeTarget;
			buildConfigurationList = 63A38DB6293E473D00E44AD1 /* Build configuration list for PBXNativeTarget "TestUITests" */;
			buildPhases = (
				63A38DA2293E473D00E44AD1 /* Sources */,
				63A38DA3293E473D00E44AD1 /* Frameworks */,
				63A38DA4293E473D00E44AD1 /* Resources */,
			);
			buildRules = (
			);
			dependencies = (
				63A38DA8293E473D00E44AD1 /* PBXTargetDependency */,
			);
			name = TestUITests;
			productName = TestUITests;
			productReference = 63A38DA6293E473D00E44AD1 /* TestUITests.xctest */;
			productType = "com.apple.product-type.bundle.ui-testing";
		};
/* End PBXNativeTarget section */

/* Begin PBXProject section */
		63A38D84293E473D00E44AD1 /* Project object */ = {
			isa = PBXProject;
			attributes = {
				BuildIndependentTargetsInParallel = 1;
				LastSwiftUpdateCheck = 1410;
				LastUpgradeCheck = 1410;
				TargetAttributes = {
					63A38D8B293E473D00E44AD1 = {
						CreatedOnToolsVersion = 14.1;
					};
					63A38D9B293E473D00E44AD1 = {
						CreatedOnToolsVersion = 14.1;
						TestTargetID = 63A38D8B293E473D00E44AD1;
					};
					63A38DA5293E473D00E44AD1 = {
						CreatedOnToolsVersion = 14.1;
						TestTargetID = 63A38D8B293E473D00E44AD1;
					};
				};
			};
			buildConfigurationList = 63A38D87293E473D00E44AD1 /* Build configuration list for PBXProject "Test" */;
			compatibilityVersion = "Xcode 14.0";
			developmentRegion = en;
			hasScannedForEncodings = 0;
			knownRegions = (
				en,
				Base,
			);
			mainGroup = 63A38D83293E473D00E44AD1;
			productRefGroup = 63A38D8D293E473D00E44AD1 /* Products */;
			projectDirPath = "";
			projectRoot = "";
			targets = (
				63A38D8B293E473D00E44AD1 /* Test */,
				63A38D9B293E473D00E44AD1 /* TestTests */,
				63A38DA5293E473D00E44AD1 /* TestUITests */,
			);
		};
/* End PBXProject section */

/* Begin PBXResourcesBuildPhase section */
		63A38D8A293E473D00E44AD1 /* Resources */ = {
			isa = PBXResourcesBuildPhase;
			buildActionMask = 2147483647;
			files = (
				63A38DC7293E50A100E44AD1 /* CarImages.xcassets in Resources */,
				63A38DC9293E50AC00E44AD1 /* Colors.xcassets in Resources */,
				63A38D97293E473D00E44AD1 /* Preview Assets.xcassets in Resources */,
				63A38D94293E473D00E44AD1 /* Assets.xcassets in Resources */,
			);
			runOnlyForDeploymentPostprocessing = 0;
		};
		63A38D9A293E473D00E44AD1 /* Resources */ = {
			isa = PBXResourcesBuildPhase;
			buildActionMask = 2147483647;
			files = (
			);
			runOnlyForDeploymentPostprocessing = 0;
		};
		63A38DA4293E473D00E44AD1 /* Resources */ = {
			isa = PBXResourcesBuildPhase;
			buildActionMask = 2147483647;
			files = (
			);
			runOnlyForDeploymentPostprocessing = 0;
		};
/* End PBXResourcesBuildPhase section */

/* Begin PBXSourcesBuildPhase section */
		63A38D88293E473D00E44AD1 /* Sources */ = {
			isa = PBXSourcesBuildPhase;
			buildActionMask = 2147483647;
			files = (
				63A38DBC293E499900E44AD1 /* CarRow.swift in Sources */,
				63A38D92293E473D00E44AD1 /* CarListView.swift in Sources */,
				63A38DBE293E49AE00E44AD1 /* CarRowViewModel.swift in Sources */,
				63A38DC5293E4FD800E44AD1 /* Sizing.swift in Sources */,
				63A38DC3293E4FC800E44AD1 /* Color+Extension.swift in Sources */,
				63A38DC1293E4C2700E44AD1 /* Image+Extension.swift in Sources */,
				63A38D90293E473D00E44AD1 /* TestApp.swift in Sources */,
			);
			runOnlyForDeploymentPostprocessing = 0;
		};
		63A38D98293E473D00E44AD1 /* Sources */ = {
			isa = PBXSourcesBuildPhase;
			buildActionMask = 2147483647;
			files = (
				63A38DA1293E473D00E44AD1 /* TestTests.swift in Sources */,
			);
			runOnlyForDeploymentPostprocessing = 0;
		};
		63A38DA2293E473D00E44AD1 /* Sources */ = {
			isa = PBXSourcesBuildPhase;
			buildActionMask = 2147483647;
			files = (
				63A38DAD293E473D00E44AD1 /* TestUITestsLaunchTests.swift in Sources */,
				63A38DAB293E473D00E44AD1 /* TestUITests.swift in Sources */,
			);
			runOnlyForDeploymentPostprocessing = 0;
		};
/* End PBXSourcesBuildPhase section */

/* Begin PBXTargetDependency section */
		63A38D9E293E473D00E44AD1 /* PBXTargetDependency */ = {
			isa = PBXTargetDependency;
			target = 63A38D8B293E473D00E44AD1 /* Test */;
			targetProxy = 63A38D9D293E473D00E44AD1 /* PBXContainerItemProxy */;
		};
		63A38DA8293E473D00E44AD1 /* PBXTargetDependency */ = {
			isa = PBXTargetDependency;
			target = 63A38D8B293E473D00E44AD1 /* Test */;
			targetProxy = 63A38DA7293E473D00E44AD1 /* PBXContainerItemProxy */;
		};
/* End PBXTargetDependency section */

/* Begin XCBuildConfiguration section */
		63A38DAE293E473D00E44AD1 /* Debug */ = {
			isa = XCBuildConfiguration;
			buildSettings = {
				ALWAYS_SEARCH_USER_PATHS = NO;
				CLANG_ANALYZER_NONNULL = YES;
				CLANG_ANALYZER_NUMBER_OBJECT_CONVERSION = YES_AGGRESSIVE;
				CLANG_CXX_LANGUAGE_STANDARD = "gnu++20";
				CLANG_ENABLE_MODULES = YES;
				CLANG_ENABLE_OBJC_ARC = YES;
				CLANG_ENABLE_OBJC_WEAK = YES;
				CLANG_WARN_BLOCK_CAPTURE_AUTORELEASING = YES;
				CLANG_WARN_BOOL_CONVERSION = YES;
				CLANG_WARN_COMMA = YES;
				CLANG_WARN_CONSTANT_CONVERSION = YES;
				CLANG_WARN_DEPRECATED_OBJC_IMPLEMENTATIONS = YES;
				CLANG_WARN_DIRECT_OBJC_ISA_USAGE = YES_ERROR;
				CLANG_WARN_DOCUMENTATION_COMMENTS = YES;
				CLANG_WARN_EMPTY_BODY = YES;
				CLANG_WARN_ENUM_CONVERSION = YES;
				CLANG_WARN_INFINITE_RECURSION = YES;
				CLANG_WARN_INT_CONVERSION = YES;
				CLANG_WARN_NON_LITERAL_NULL_CONVERSION = YES;
				CLANG_WARN_OBJC_IMPLICIT_RETAIN_SELF = YES;
				CLANG_WARN_OBJC_LITERAL_CONVERSION = YES;
				CLANG_WARN_OBJC_ROOT_CLASS = YES_ERROR;
				CLANG_WARN_QUOTED_INCLUDE_IN_FRAMEWORK_HEADER = YES;
				CLANG_WARN_RANGE_LOOP_ANALYSIS = YES;
				CLANG_WARN_STRICT_PROTOTYPES = YES;
				CLANG_WARN_SUSPICIOUS_MOVE = YES;
				CLANG_WARN_UNGUARDED_AVAILABILITY = YES_AGGRESSIVE;
				CLANG_WARN_UNREACHABLE_CODE = YES;
				CLANG_WARN__DUPLICATE_METHOD_MATCH = YES;
				COPY_PHASE_STRIP = NO;
				DEBUG_INFORMATION_FORMAT = dwarf;
				ENABLE_STRICT_OBJC_MSGSEND = YES;
				ENABLE_TESTABILITY = YES;
				GCC_C_LANGUAGE_STANDARD = gnu11;
				GCC_DYNAMIC_NO_PIC = NO;
				GCC_NO_COMMON_BLOCKS = YES;
				GCC_OPTIMIZATION_LEVEL = 0;
				GCC_PREPROCESSOR_DEFINITIONS = (
					"DEBUG=1",
					"$(inherited)",
				);
				GCC_WARN_64_TO_32_BIT_CONVERSION = YES;
				GCC_WARN_ABOUT_RETURN_TYPE = YES_ERROR;
				GCC_WARN_UNDECLARED_SELECTOR = YES;
				GCC_WARN_UNINITIALIZED_AUTOS = YES_AGGRESSIVE;
				GCC_WARN_UNUSED_FUNCTION = YES;
				GCC_WARN_UNUSED_VARIABLE = YES;
				IPHONEOS_DEPLOYMENT_TARGET = 16.1;
				MTL_ENABLE_DEBUG_INFO = INCLUDE_SOURCE;
				MTL_FAST_MATH = YES;
				ONLY_ACTIVE_ARCH = YES;
				SDKROOT = iphoneos;
				SWIFT_ACTIVE_COMPILATION_CONDITIONS = DEBUG;
				SWIFT_OPTIMIZATION_LEVEL = "-Onone";
			};
			name = Debug;
		};
		63A38DAF293E473D00E44AD1 /* Release */ = {
			isa = XCBuildConfiguration;
			buildSettings = {
				ALWAYS_SEARCH_USER_PATHS = NO;
				CLANG_ANALYZER_NONNULL = YES;
				CLANG_ANALYZER_NUMBER_OBJECT_CONVERSION = YES_AGGRESSIVE;
				CLANG_CXX_LANGUAGE_STANDARD = "gnu++20";
				CLANG_ENABLE_MODULES = YES;
				CLANG_ENABLE_OBJC_ARC = YES;
				CLANG_ENABLE_OBJC_WEAK = YES;
				CLANG_WARN_BLOCK_CAPTURE_AUTORELEASING = YES;
				CLANG_WARN_BOOL_CONVERSION = YES;
				CLANG_WARN_COMMA = YES;
				CLANG_WARN_CONSTANT_CONVERSION = YES;
				CLANG_WARN_DEPRECATED_OBJC_IMPLEMENTATIONS = YES;
				CLANG_WARN_DIRECT_OBJC_ISA_USAGE = YES_ERROR;
				CLANG_WARN_DOCUMENTATION_COMMENTS = YES;
				CLANG_WARN_EMPTY_BODY = YES;
				CLANG_WARN_ENUM_CONVERSION = YES;
				CLANG_WARN_INFINITE_RECURSION = YES;
				CLANG_WARN_INT_CONVERSION = YES;
				CLANG_WARN_NON_LITERAL_NULL_CONVERSION = YES;
				CLANG_WARN_OBJC_IMPLICIT_RETAIN_SELF = YES;
				CLANG_WARN_OBJC_LITERAL_CONVERSION = YES;
				CLANG_WARN_OBJC_ROOT_CLASS = YES_ERROR;
				CLANG_WARN_QUOTED_INCLUDE_IN_FRAMEWORK_HEADER = YES;
				CLANG_WARN_RANGE_LOOP_ANALYSIS = YES;
				CLANG_WARN_STRICT_PROTOTYPES = YES;
				CLANG_WARN_SUSPICIOUS_MOVE = YES;
				CLANG_WARN_UNGUARDED_AVAILABILITY = YES_AGGRESSIVE;
				CLANG_WARN_UNREACHABLE_CODE = YES;
				CLANG_WARN__DUPLICATE_METHOD_MATCH = YES;
				COPY_PHASE_STRIP = NO;
				DEBUG_INFORMATION_FORMAT = "dwarf-with-dsym";
				ENABLE_NS_ASSERTIONS = NO;
				ENABLE_STRICT_OBJC_MSGSEND = YES;
				GCC_C_LANGUAGE_STANDARD = gnu11;
				GCC_NO_COMMON_BLOCKS = YES;
				GCC_WARN_64_TO_32_BIT_CONVERSION = YES;
				GCC_WARN_ABOUT_RETURN_TYPE = YES_ERROR;
				GCC_WARN_UNDECLARED_SELECTOR = YES;
				GCC_WARN_UNINITIALIZED_AUTOS = YES_AGGRESSIVE;
				GCC_WARN_UNUSED_FUNCTION = YES;
				GCC_WARN_UNUSED_VARIABLE = YES;
				IPHONEOS_DEPLOYMENT_TARGET = 16.1;
				MTL_ENABLE_DEBUG_INFO = NO;
				MTL_FAST_MATH = YES;
				SDKROOT = iphoneos;
				SWIFT_COMPILATION_MODE = wholemodule;
				SWIFT_OPTIMIZATION_LEVEL = "-O";
				VALIDATE_PRODUCT = YES;
			};
			name = Release;
		};
		63A38DB1293E473D00E44AD1 /* Debug */ = {
			isa = XCBuildConfiguration;
			buildSettings = {
				ASSETCATALOG_COMPILER_APPICON_NAME = AppIcon;
				ASSETCATALOG_COMPILER_GLOBAL_ACCENT_COLOR_NAME = AccentColor;
				CODE_SIGN_STYLE = Automatic;
				CURRENT_PROJECT_VERSION = 1;
				DEVELOPMENT_ASSET_PATHS = "\"Test/Preview Content\"";
				ENABLE_PREVIEWS = YES;
				GENERATE_INFOPLIST_FILE = YES;
				INFOPLIST_KEY_UIApplicationSceneManifest_Generation = YES;
				INFOPLIST_KEY_UIApplicationSupportsIndirectInputEvents = YES;
				INFOPLIST_KEY_UILaunchScreen_Generation = YES;
				INFOPLIST_KEY_UISupportedInterfaceOrientations_iPad = "UIInterfaceOrientationPortrait UIInterfaceOrientationPortraitUpsideDown UIInterfaceOrientationLandscapeLeft UIInterfaceOrientationLandscapeRight";
				INFOPLIST_KEY_UISupportedInterfaceOrientations_iPhone = "UIInterfaceOrientationPortrait UIInterfaceOrientationLandscapeLeft UIInterfaceOrientationLandscapeRight";
				LD_RUNPATH_SEARCH_PATHS = (
					"$(inherited)",
					"@executable_path/Frameworks",
				);
				MARKETING_VERSION = 1.0;
				PRODUCT_BUNDLE_IDENTIFIER = com.niftycode.Test;
				PRODUCT_NAME = "$(TARGET_NAME)";
				SWIFT_EMIT_LOC_STRINGS = YES;
				SWIFT_VERSION = 5.0;
				TARGETED_DEVICE_FAMILY = "1,2";
			};
			name = Debug;
		};
		63A38DB2293E473D00E44AD1 /* Release */ = {
			isa = XCBuildConfiguration;
			buildSettings = {
				ASSETCATALOG_COMPILER_APPICON_NAME = AppIcon;
				ASSETCATALOG_COMPILER_GLOBAL_ACCENT_COLOR_NAME = AccentColor;
				CODE_SIGN_STYLE = Automatic;
				CURRENT_PROJECT_VERSION = 1;
				DEVELOPMENT_ASSET_PATHS = "\"Test/Preview Content\"";
				ENABLE_PREVIEWS = YES;
				GENERATE_INFOPLIST_FILE = YES;
				INFOPLIST_KEY_UIApplicationSceneManifest_Generation = YES;
				INFOPLIST_KEY_UIApplicationSupportsIndirectInputEvents = YES;
				INFOPLIST_KEY_UILaunchScreen_Generation = YES;
				INFOPLIST_KEY_UISupportedInterfaceOrientations_iPad = "UIInterfaceOrientationPortrait UIInterfaceOrientationPortraitUpsideDown UIInterfaceOrientationLandscapeLeft UIInterfaceOrientationLandscapeRight";
				INFOPLIST_KEY_UISupportedInterfaceOrientations_iPhone = "UIInterfaceOrientationPortrait UIInterfaceOrientationLandscapeLeft UIInterfaceOrientationLandscapeRight";
				LD_RUNPATH_SEARCH_PATHS = (
					"$(inherited)",
					"@executable_path/Frameworks",
				);
				MARKETING_VERSION = 1.0;
				PRODUCT_BUNDLE_IDENTIFIER = com.niftycode.Test;
				PRODUCT_NAME = "$(TARGET_NAME)";
				SWIFT_EMIT_LOC_STRINGS = YES;
				SWIFT_VERSION = 5.0;
				TARGETED_DEVICE_FAMILY = "1,2";
			};
			name = Release;
		};
		63A38DB4293E473D00E44AD1 /* Debug */ = {
			isa = XCBuildConfiguration;
			buildSettings = {
				ALWAYS_EMBED_SWIFT_STANDARD_LIBRARIES = YES;
				BUNDLE_LOADER = "$(TEST_HOST)";
				CODE_SIGN_STYLE = Automatic;
				CURRENT_PROJECT_VERSION = 1;
				GENERATE_INFOPLIST_FILE = YES;
				IPHONEOS_DEPLOYMENT_TARGET = 16.1;
				MARKETING_VERSION = 1.0;
				PRODUCT_BUNDLE_IDENTIFIER = com.niftycode.TestTests;
				PRODUCT_NAME = "$(TARGET_NAME)";
				SWIFT_EMIT_LOC_STRINGS = NO;
				SWIFT_VERSION = 5.0;
				TARGETED_DEVICE_FAMILY = "1,2";
				TEST_HOST = "$(BUILT_PRODUCTS_DIR)/Test.app/$(BUNDLE_EXECUTABLE_FOLDER_PATH)/Test";
			};
			name = Debug;
		};
		63A38DB5293E473D00E44AD1 /* Release */ = {
			isa = XCBuildConfiguration;
			buildSettings = {
				ALWAYS_EMBED_SWIFT_STANDARD_LIBRARIES = YES;
				BUNDLE_LOADER = "$(TEST_HOST)";
				CODE_SIGN_STYLE = Automatic;
				CURRENT_PROJECT_VERSION = 1;
				GENERATE_INFOPLIST_FILE = YES;
				IPHONEOS_DEPLOYMENT_TARGET = 16.1;
				MARKETING_VERSION = 1.0;
				PRODUCT_BUNDLE_IDENTIFIER = com.niftycode.TestTests;
				PRODUCT_NAME = "$(TARGET_NAME)";
				SWIFT_EMIT_LOC_STRINGS = NO;
				SWIFT_VERSION = 5.0;
				TARGETED_DEVICE_FAMILY = "1,2";
				TEST_HOST = "$(BUILT_PRODUCTS_DIR)/Test.app/$(BUNDLE_EXECUTABLE_FOLDER_PATH)/Test";
			};
			name = Release;
		};
		63A38DB7293E473D00E44AD1 /* Debug */ = {
			isa = XCBuildConfiguration;
			buildSettings = {
				ALWAYS_EMBED_SWIFT_STANDARD_LIBRARIES = YES;
				CODE_SIGN_STYLE = Automatic;
				CURRENT_PROJECT_VERSION = 1;
				GENERATE_INFOPLIST_FILE = YES;
				MARKETING_VERSION = 1.0;
				PRODUCT_BUNDLE_IDENTIFIER = com.niftycode.TestUITests;
				PRODUCT_NAME = "$(TARGET_NAME)";
				SWIFT_EMIT_LOC_STRINGS = NO;
				SWIFT_VERSION = 5.0;
				TARGETED_DEVICE_FAMILY = "1,2";
				TEST_TARGET_NAME = Test;
			};
			name = Debug;
		};
		63A38DB8293E473D00E44AD1 /* Release */ = {
			isa = XCBuildConfiguration;
			buildSettings = {
				ALWAYS_EMBED_SWIFT_STANDARD_LIBRARIES = YES;
				CODE_SIGN_STYLE = Automatic;
				CURRENT_PROJECT_VERSION = 1;
				GENERATE_INFOPLIST_FILE = YES;
				MARKETING_VERSION = 1.0;
				PRODUCT_BUNDLE_IDENTIFIER = com.niftycode.TestUITests;
				PRODUCT_NAME = "$(TARGET_NAME)";
				SWIFT_EMIT_LOC_STRINGS = NO;
				SWIFT_VERSION = 5.0;
				TARGETED_DEVICE_FAMILY = "1,2";
				TEST_TARGET_NAME = Test;
			};
			name = Release;
		};
/* End XCBuildConfiguration section */

/* Begin XCConfigurationList section */
		63A38D87293E473D00E44AD1 /* Build configuration list for PBXProject "Test" */ = {
			isa = XCConfigurationList;
			buildConfigurations = (
				63A38DAE293E473D00E44AD1 /* Debug */,
				63A38DAF293E473D00E44AD1 /* Release */,
			);
			defaultConfigurationIsVisible = 0;
			defaultConfigurationName = Release;
		};
		63A38DB0293E473D00E44AD1 /* Build configuration list for PBXNativeTarget "Test" */ = {
			isa = XCConfigurationList;
			buildConfigurations = (
				63A38DB1293E473D00E44AD1 /* Debug */,
				63A38DB2293E473D00E44AD1 /* Release */,
			);
			defaultConfigurationIsVisible = 0;
			defaultConfigurationName = Release;
		};
		63A38DB3293E473D00E44AD1 /* Build configuration list for PBXNativeTarget "TestTests" */ = {
			isa = XCConfigurationList;
			buildConfigurations = (
				63A38DB4293E473D00E44AD1 /* Debug */,
				63A38DB5293E473D00E44AD1 /* Release */,
			);
			defaultConfigurationIsVisible = 0;
			defaultConfigurationName = Release;
		};
		63A38DB6293E473D00E44AD1 /* Build configuration list for PBXNativeTarget "TestUITests" */ = {
			isa = XCConfigurationList;
			buildConfigurations = (
				63A38DB7293E473D00E44AD1 /* Debug */,
				63A38DB8293E473D00E44AD1 /* Release */,
			);
			defaultConfigurationIsVisible = 0;
			defaultConfigurationName = Release;
		};
/* End XCConfigurationList section */
	};
	rootObject = 63A38D84293E473D00E44AD1 /* Project object */;
}
